PODS:
  - Google-Mobile-Ads-SDK (7.7.1)
  - GPUImage (0.1.7)
  - Masonry (1.0.0)

DEPENDENCIES:
  - Google-Mobile-Ads-SDK (~> 7.7.1)
  - GPUImage (~> 0.1.7)
  - Masonry (~> 1.0.0)

SPEC CHECKSUMS:
  Google-Mobile-Ads-SDK: e27569901b58881d9a94b42f2c642739cfe3970a
  GPUImage: 733a5f0fab92df9de1c37ba9df520a833ccb406d
  Masonry: b529bb169217897b6354d4b56b1fada6d475b13d

COCOAPODS: 0.39.0
