// !$*UTF8*$!
{
	archiveVersion = 1;
	classes = {
	};
	objectVersion = 46;
	objects = {

/* Begin PBXBuildFile section */
		526CA8B41B68A4D6008FE361 /* GDataXMLNode.m in Sources */ = {isa = PBXBuildFile; fileRef = 526CA8B11B68A4D6008FE361 /* GDataXMLNode.m */; settings = {COMPILER_FLAGS = "-fno-objc-arc"; }; };
		526CA8B51B68A4D6008FE361 /* WebServiceHelper.m in Sources */ = {isa = PBXBuildFile; fileRef = 526CA8B31B68A4D6008FE361 /* WebServiceHelper.m */; };
		5273EFB91B66286000306C35 /* UserCell.m in Sources */ = {isa = PBXBuildFile; fileRef = 5273EFB71B66286000306C35 /* UserCell.m */; };
		5273EFBA1B66286000306C35 /* UserCell.xib in Resources */ = {isa = PBXBuildFile; fileRef = 5273EFB81B66286000306C35 /* UserCell.xib */; };
		528EC8501B6F627F0058BC1B /* CallRecordDBManager.m in Sources */ = {isa = PBXBuildFile; fileRef = 528EC84F1B6F627F0058BC1B /* CallRecordDBManager.m */; };
		528FD5D91B648B62002E0B1D /* UserInfoTopCell.m in Sources */ = {isa = PBXBuildFile; fileRef = 528FD5D71B648B62002E0B1D /* UserInfoTopCell.m */; };
		528FD5DA1B648B62002E0B1D /* UserInfoTopCell.xib in Resources */ = {isa = PBXBuildFile; fileRef = 528FD5D81B648B62002E0B1D /* UserInfoTopCell.xib */; };
		528FD5DD1B648D14002E0B1D /* UserInfoViewController.m in Sources */ = {isa = PBXBuildFile; fileRef = 528FD5DC1B648D14002E0B1D /* UserInfoViewController.m */; };
		528FD5E01B649626002E0B1D /* LoginViewController.m in Sources */ = {isa = PBXBuildFile; fileRef = 528FD5DF1B649626002E0B1D /* LoginViewController.m */; };
		528FD5E41B649E56002E0B1D /* WebClient.m in Sources */ = {isa = PBXBuildFile; fileRef = 528FD5E31B649E56002E0B1D /* WebClient.m */; };
		5290A6181B64B244009F519B /* PushConfig.plist in Resources */ = {isa = PBXBuildFile; fileRef = 5290A6171B64B244009F519B /* PushConfig.plist */; };
		5290A61B1B64B291009F519B /* UserInfo.m in Sources */ = {isa = PBXBuildFile; fileRef = 5290A61A1B64B291009F519B /* UserInfo.m */; };
		5290A61F1B64B51D009F519B /* ContactViewController.m in Sources */ = {isa = PBXBuildFile; fileRef = 5290A61D1B64B51D009F519B /* ContactViewController.m */; };
		5290A6201B64B51D009F519B /* ContactViewController.xib in Resources */ = {isa = PBXBuildFile; fileRef = 5290A61E1B64B51D009F519B /* ContactViewController.xib */; };
		5290A63F1B64B6EC009F519B /* AnnounceViewController.m in Sources */ = {isa = PBXBuildFile; fileRef = 5290A63E1B64B6EC009F519B /* AnnounceViewController.m */; };
		5290A6421B64B6F7009F519B /* NotiViewController.m in Sources */ = {isa = PBXBuildFile; fileRef = 5290A6411B64B6F7009F519B /* NotiViewController.m */; };
		5290A64B1B64E6A1009F519B /* AnnounceCell.m in Sources */ = {isa = PBXBuildFile; fileRef = 5290A6491B64E6A1009F519B /* AnnounceCell.m */; };
		5290A64C1B64E6A1009F519B /* AnnounceCell.xib in Resources */ = {isa = PBXBuildFile; fileRef = 5290A64A1B64E6A1009F519B /* AnnounceCell.xib */; };
		5290A64F1B64E6BC009F519B /* AnnounceDetailViewController.m in Sources */ = {isa = PBXBuildFile; fileRef = 5290A64E1B64E6BC009F519B /* AnnounceDetailViewController.m */; };
		5290A6531B64EA16009F519B /* NotiCell.m in Sources */ = {isa = PBXBuildFile; fileRef = 5290A6511B64EA16009F519B /* NotiCell.m */; };
		5290A6541B64EA16009F519B /* NotiCell.xib in Resources */ = {isa = PBXBuildFile; fileRef = 5290A6521B64EA16009F519B /* NotiCell.xib */; };
		529DC6981B7333E900B8323C /* ContactDepartDetailViewController.m in Sources */ = {isa = PBXBuildFile; fileRef = 529DC6971B7333E900B8323C /* ContactDepartDetailViewController.m */; };
		52AC71EB1B631B4D0035DE61 /* main.m in Sources */ = {isa = PBXBuildFile; fileRef = 52AC71EA1B631B4D0035DE61 /* main.m */; };
		52AC71EE1B631B4D0035DE61 /* AppDelegate.m in Sources */ = {isa = PBXBuildFile; fileRef = 52AC71ED1B631B4D0035DE61 /* AppDelegate.m */; };
		52AC71F41B631B4D0035DE61 /* Main.storyboard in Resources */ = {isa = PBXBuildFile; fileRef = 52AC71F21B631B4D0035DE61 /* Main.storyboard */; };
		52AC71F61B631B4D0035DE61 /* Images.xcassets in Resources */ = {isa = PBXBuildFile; fileRef = 52AC71F51B631B4D0035DE61 /* Images.xcassets */; };
		52AC72051B631B4D0035DE61 /* MyCloudTests.m in Sources */ = {isa = PBXBuildFile; fileRef = 52AC72041B631B4D0035DE61 /* MyCloudTests.m */; };
		52AC723A1B63208B0035DE61 /* CreatCustom.m in Sources */ = {isa = PBXBuildFile; fileRef = 52AC72121B63208B0035DE61 /* CreatCustom.m */; };
		52AC723B1B63208B0035DE61 /* NSString+StringTpye.m in Sources */ = {isa = PBXBuildFile; fileRef = 52AC72141B63208B0035DE61 /* NSString+StringTpye.m */; };
		52AC723C1B63208B0035DE61 /* ProjectUtil.m in Sources */ = {isa = PBXBuildFile; fileRef = 52AC72161B63208B0035DE61 /* ProjectUtil.m */; };
		52AC723D1B63208B0035DE61 /* UIButton+Custom.m in Sources */ = {isa = PBXBuildFile; fileRef = 52AC72181B63208B0035DE61 /* UIButton+Custom.m */; };
		52AC72411B63208B0035DE61 /* UIView+Hint.m in Sources */ = {isa = PBXBuildFile; fileRef = 52AC72211B63208B0035DE61 /* UIView+Hint.m */; };
		52AC72421B63208B0035DE61 /* Toast+UIView.m in Sources */ = {isa = PBXBuildFile; fileRef = 52AC72241B63208B0035DE61 /* Toast+UIView.m */; settings = {COMPILER_FLAGS = "-fno-objc-arc"; }; };
		52AC72431B63208B0035DE61 /* UIViewExt.m in Sources */ = {isa = PBXBuildFile; fileRef = 52AC72271B63208B0035DE61 /* UIViewExt.m */; };
		52AC72441B63208B0035DE61 /* ModelTableViewController.m in Sources */ = {isa = PBXBuildFile; fileRef = 52AC722B1B63208B0035DE61 /* ModelTableViewController.m */; };
		52AC72451B63208B0035DE61 /* ModelViewController.m in Sources */ = {isa = PBXBuildFile; fileRef = 52AC722D1B63208B0035DE61 /* ModelViewController.m */; };
		52AC72461B63208B0035DE61 /* HomeViewController.m in Sources */ = {isa = PBXBuildFile; fileRef = 52AC72391B63208B0035DE61 /* HomeViewController.m */; };
		52AC724B1B63274C0035DE61 /* CALayer+borderColor.m in Sources */ = {isa = PBXBuildFile; fileRef = 52AC724A1B63274C0035DE61 /* CALayer+borderColor.m */; };
		C491CDF51B665122006A1067 /* NotiDetailViewController.m in Sources */ = {isa = PBXBuildFile; fileRef = C491CDF41B665122006A1067 /* NotiDetailViewController.m */; };
		C8E046A5581D8CD1548BAC66 /* libPods.a in Frameworks */ = {isa = PBXBuildFile; fileRef = 68C16DF2D6B04B63FEEE2EF3 /* libPods.a */; };
/* End PBXBuildFile section */

/* Begin PBXContainerItemProxy section */
		52AC71FF1B631B4D0035DE61 /* PBXContainerItemProxy */ = {
			isa = PBXContainerItemProxy;
			containerPortal = 52AC71DD1B631B4D0035DE61 /* Project object */;
			proxyType = 1;
			remoteGlobalIDString = 52AC71E41B631B4D0035DE61;
			remoteInfo = MyCloud;
		};
/* End PBXContainerItemProxy section */

/* Begin PBXFileReference section */
		102EB9195E6E2CBA855D254C /* Pods.release.xcconfig */ = {isa = PBXFileReference; includeInIndex = 1; lastKnownFileType = text.xcconfig; name = Pods.release.xcconfig; path = "Pods/Target Support Files/Pods/Pods.release.xcconfig"; sourceTree = "<group>"; };
		526CA8B01B68A4D6008FE361 /* GDataXMLNode.h */ = {isa = PBXFileReference; fileEncoding = 4; lastKnownFileType = sourcecode.c.h; path = GDataXMLNode.h; sourceTree = "<group>"; };
		526CA8B11B68A4D6008FE361 /* GDataXMLNode.m */ = {isa = PBXFileReference; fileEncoding = 4; lastKnownFileType = sourcecode.c.objc; path = GDataXMLNode.m; sourceTree = "<group>"; };
		526CA8B21B68A4D6008FE361 /* WebServiceHelper.h */ = {isa = PBXFileReference; fileEncoding = 4; lastKnownFileType = sourcecode.c.h; path = WebServiceHelper.h; sourceTree = "<group>"; };
		526CA8B31B68A4D6008FE361 /* WebServiceHelper.m */ = {isa = PBXFileReference; fileEncoding = 4; lastKnownFileType = sourcecode.c.objc; path = WebServiceHelper.m; sourceTree = "<group>"; };
		5273EFB61B66286000306C35 /* UserCell.h */ = {isa = PBXFileReference; fileEncoding = 4; lastKnownFileType = sourcecode.c.h; path = UserCell.h; sourceTree = "<group>"; };
		5273EFB71B66286000306C35 /* UserCell.m */ = {isa = PBXFileReference; fileEncoding = 4; lastKnownFileType = sourcecode.c.objc; path = UserCell.m; sourceTree = "<group>"; };
		5273EFB81B66286000306C35 /* UserCell.xib */ = {isa = PBXFileReference; fileEncoding = 4; lastKnownFileType = file.xib; path = UserCell.xib; sourceTree = "<group>"; };
		528EC84E1B6F627F0058BC1B /* CallRecordDBManager.h */ = {isa = PBXFileReference; fileEncoding = 4; lastKnownFileType = sourcecode.c.h; path = CallRecordDBManager.h; sourceTree = "<group>"; };
		528EC84F1B6F627F0058BC1B /* CallRecordDBManager.m */ = {isa = PBXFileReference; fileEncoding = 4; lastKnownFileType = sourcecode.c.objc; path = CallRecordDBManager.m; sourceTree = "<group>"; };
		528FD5D61B648B62002E0B1D /* UserInfoTopCell.h */ = {isa = PBXFileReference; fileEncoding = 4; lastKnownFileType = sourcecode.c.h; path = UserInfoTopCell.h; sourceTree = "<group>"; };
		528FD5D71B648B62002E0B1D /* UserInfoTopCell.m */ = {isa = PBXFileReference; fileEncoding = 4; lastKnownFileType = sourcecode.c.objc; path = UserInfoTopCell.m; sourceTree = "<group>"; };
		528FD5D81B648B62002E0B1D /* UserInfoTopCell.xib */ = {isa = PBXFileReference; fileEncoding = 4; lastKnownFileType = file.xib; path = UserInfoTopCell.xib; sourceTree = "<group>"; };
		528FD5DB1B648D14002E0B1D /* UserInfoViewController.h */ = {isa = PBXFileReference; fileEncoding = 4; lastKnownFileType = sourcecode.c.h; path = UserInfoViewController.h; sourceTree = "<group>"; };
		528FD5DC1B648D14002E0B1D /* UserInfoViewController.m */ = {isa = PBXFileReference; fileEncoding = 4; lastKnownFileType = sourcecode.c.objc; path = UserInfoViewController.m; sourceTree = "<group>"; };
		528FD5DE1B649626002E0B1D /* LoginViewController.h */ = {isa = PBXFileReference; fileEncoding = 4; lastKnownFileType = sourcecode.c.h; path = LoginViewController.h; sourceTree = "<group>"; };
		528FD5DF1B649626002E0B1D /* LoginViewController.m */ = {isa = PBXFileReference; fileEncoding = 4; lastKnownFileType = sourcecode.c.objc; path = LoginViewController.m; sourceTree = "<group>"; };
		528FD5E21B649E56002E0B1D /* WebClient.h */ = {isa = PBXFileReference; fileEncoding = 4; lastKnownFileType = sourcecode.c.h; path = WebClient.h; sourceTree = "<group>"; };
		528FD5E31B649E56002E0B1D /* WebClient.m */ = {isa = PBXFileReference; fileEncoding = 4; lastKnownFileType = sourcecode.c.objc; path = WebClient.m; sourceTree = "<group>"; };
		5290A6171B64B244009F519B /* PushConfig.plist */ = {isa = PBXFileReference; fileEncoding = 4; lastKnownFileType = text.plist.xml; path = PushConfig.plist; sourceTree = "<group>"; };
		5290A6191B64B291009F519B /* UserInfo.h */ = {isa = PBXFileReference; fileEncoding = 4; lastKnownFileType = sourcecode.c.h; path = UserInfo.h; sourceTree = "<group>"; };
		5290A61A1B64B291009F519B /* UserInfo.m */ = {isa = PBXFileReference; fileEncoding = 4; lastKnownFileType = sourcecode.c.objc; path = UserInfo.m; sourceTree = "<group>"; };
		5290A61C1B64B51D009F519B /* ContactViewController.h */ = {isa = PBXFileReference; fileEncoding = 4; lastKnownFileType = sourcecode.c.h; path = ContactViewController.h; sourceTree = "<group>"; };
		5290A61D1B64B51D009F519B /* ContactViewController.m */ = {isa = PBXFileReference; fileEncoding = 4; lastKnownFileType = sourcecode.c.objc; path = ContactViewController.m; sourceTree = "<group>"; };
		5290A61E1B64B51D009F519B /* ContactViewController.xib */ = {isa = PBXFileReference; fileEncoding = 4; lastKnownFileType = file.xib; path = ContactViewController.xib; sourceTree = "<group>"; };
		5290A63D1B64B6EC009F519B /* AnnounceViewController.h */ = {isa = PBXFileReference; fileEncoding = 4; lastKnownFileType = sourcecode.c.h; path = AnnounceViewController.h; sourceTree = "<group>"; };
		5290A63E1B64B6EC009F519B /* AnnounceViewController.m */ = {isa = PBXFileReference; fileEncoding = 4; lastKnownFileType = sourcecode.c.objc; path = AnnounceViewController.m; sourceTree = "<group>"; };
		5290A6401B64B6F7009F519B /* NotiViewController.h */ = {isa = PBXFileReference; fileEncoding = 4; lastKnownFileType = sourcecode.c.h; path = NotiViewController.h; sourceTree = "<group>"; };
		5290A6411B64B6F7009F519B /* NotiViewController.m */ = {isa = PBXFileReference; fileEncoding = 4; lastKnownFileType = sourcecode.c.objc; path = NotiViewController.m; sourceTree = "<group>"; };
		5290A6481B64E6A1009F519B /* AnnounceCell.h */ = {isa = PBXFileReference; fileEncoding = 4; lastKnownFileType = sourcecode.c.h; path = AnnounceCell.h; sourceTree = "<group>"; };
		5290A6491B64E6A1009F519B /* AnnounceCell.m */ = {isa = PBXFileReference; fileEncoding = 4; lastKnownFileType = sourcecode.c.objc; path = AnnounceCell.m; sourceTree = "<group>"; };
		5290A64A1B64E6A1009F519B /* AnnounceCell.xib */ = {isa = PBXFileReference; fileEncoding = 4; lastKnownFileType = file.xib; path = AnnounceCell.xib; sourceTree = "<group>"; };
		5290A64D1B64E6BC009F519B /* AnnounceDetailViewController.h */ = {isa = PBXFileReference; fileEncoding = 4; lastKnownFileType = sourcecode.c.h; path = AnnounceDetailViewController.h; sourceTree = "<group>"; };
		5290A64E1B64E6BC009F519B /* AnnounceDetailViewController.m */ = {isa = PBXFileReference; fileEncoding = 4; lastKnownFileType = sourcecode.c.objc; path = AnnounceDetailViewController.m; sourceTree = "<group>"; };
		5290A6501B64EA16009F519B /* NotiCell.h */ = {isa = PBXFileReference; fileEncoding = 4; lastKnownFileType = sourcecode.c.h; path = NotiCell.h; sourceTree = "<group>"; };
		5290A6511B64EA16009F519B /* NotiCell.m */ = {isa = PBXFileReference; fileEncoding = 4; lastKnownFileType = sourcecode.c.objc; path = NotiCell.m; sourceTree = "<group>"; };
		5290A6521B64EA16009F519B /* NotiCell.xib */ = {isa = PBXFileReference; fileEncoding = 4; lastKnownFileType = file.xib; path = NotiCell.xib; sourceTree = "<group>"; };
		529DC6961B7333E900B8323C /* ContactDepartDetailViewController.h */ = {isa = PBXFileReference; fileEncoding = 4; lastKnownFileType = sourcecode.c.h; path = ContactDepartDetailViewController.h; sourceTree = "<group>"; };
		529DC6971B7333E900B8323C /* ContactDepartDetailViewController.m */ = {isa = PBXFileReference; fileEncoding = 4; lastKnownFileType = sourcecode.c.objc; path = ContactDepartDetailViewController.m; sourceTree = "<group>"; };
		52AC71E51B631B4D0035DE61 /* MyCloud.app */ = {isa = PBXFileReference; explicitFileType = wrapper.application; includeInIndex = 0; path = MyCloud.app; sourceTree = BUILT_PRODUCTS_DIR; };
		52AC71E91B631B4D0035DE61 /* Info.plist */ = {isa = PBXFileReference; lastKnownFileType = text.plist.xml; path = Info.plist; sourceTree = "<group>"; };
		52AC71EA1B631B4D0035DE61 /* main.m */ = {isa = PBXFileReference; lastKnownFileType = sourcecode.c.objc; path = main.m; sourceTree = "<group>"; };
		52AC71EC1B631B4D0035DE61 /* AppDelegate.h */ = {isa = PBXFileReference; lastKnownFileType = sourcecode.c.h; path = AppDelegate.h; sourceTree = "<group>"; };
		52AC71ED1B631B4D0035DE61 /* AppDelegate.m */ = {isa = PBXFileReference; lastKnownFileType = sourcecode.c.objc; path = AppDelegate.m; sourceTree = "<group>"; };
		52AC71F31B631B4D0035DE61 /* Base */ = {isa = PBXFileReference; lastKnownFileType = file.storyboard; name = Base; path = Base.lproj/Main.storyboard; sourceTree = "<group>"; };
		52AC71F51B631B4D0035DE61 /* Images.xcassets */ = {isa = PBXFileReference; lastKnownFileType = folder.assetcatalog; path = Images.xcassets; sourceTree = "<group>"; };
		52AC71FE1B631B4D0035DE61 /* MyCloudTests.xctest */ = {isa = PBXFileReference; explicitFileType = wrapper.cfbundle; includeInIndex = 0; path = MyCloudTests.xctest; sourceTree = BUILT_PRODUCTS_DIR; };
		52AC72031B631B4D0035DE61 /* Info.plist */ = {isa = PBXFileReference; lastKnownFileType = text.plist.xml; path = Info.plist; sourceTree = "<group>"; };
		52AC72041B631B4D0035DE61 /* MyCloudTests.m */ = {isa = PBXFileReference; lastKnownFileType = sourcecode.c.objc; path = MyCloudTests.m; sourceTree = "<group>"; };
		52AC72111B63208B0035DE61 /* CreatCustom.h */ = {isa = PBXFileReference; fileEncoding = 4; lastKnownFileType = sourcecode.c.h; path = CreatCustom.h; sourceTree = "<group>"; };
		52AC72121B63208B0035DE61 /* CreatCustom.m */ = {isa = PBXFileReference; fileEncoding = 4; lastKnownFileType = sourcecode.c.objc; path = CreatCustom.m; sourceTree = "<group>"; };
		52AC72131B63208B0035DE61 /* NSString+StringTpye.h */ = {isa = PBXFileReference; fileEncoding = 4; lastKnownFileType = sourcecode.c.h; path = "NSString+StringTpye.h"; sourceTree = "<group>"; };
		52AC72141B63208B0035DE61 /* NSString+StringTpye.m */ = {isa = PBXFileReference; fileEncoding = 4; lastKnownFileType = sourcecode.c.objc; path = "NSString+StringTpye.m"; sourceTree = "<group>"; };
		52AC72151B63208B0035DE61 /* ProjectUtil.h */ = {isa = PBXFileReference; fileEncoding = 4; lastKnownFileType = sourcecode.c.h; path = ProjectUtil.h; sourceTree = "<group>"; };
		52AC72161B63208B0035DE61 /* ProjectUtil.m */ = {isa = PBXFileReference; fileEncoding = 4; lastKnownFileType = sourcecode.c.objc; path = ProjectUtil.m; sourceTree = "<group>"; };
		52AC72171B63208B0035DE61 /* UIButton+Custom.h */ = {isa = PBXFileReference; fileEncoding = 4; lastKnownFileType = sourcecode.c.h; path = "UIButton+Custom.h"; sourceTree = "<group>"; };
		52AC72181B63208B0035DE61 /* UIButton+Custom.m */ = {isa = PBXFileReference; fileEncoding = 4; lastKnownFileType = sourcecode.c.objc; path = "UIButton+Custom.m"; sourceTree = "<group>"; };
		52AC72201B63208B0035DE61 /* UIView+Hint.h */ = {isa = PBXFileReference; fileEncoding = 4; lastKnownFileType = sourcecode.c.h; path = "UIView+Hint.h"; sourceTree = "<group>"; };
		52AC72211B63208B0035DE61 /* UIView+Hint.m */ = {isa = PBXFileReference; fileEncoding = 4; lastKnownFileType = sourcecode.c.objc; path = "UIView+Hint.m"; sourceTree = "<group>"; };
		52AC72231B63208B0035DE61 /* Toast+UIView.h */ = {isa = PBXFileReference; fileEncoding = 4; lastKnownFileType = sourcecode.c.h; path = "Toast+UIView.h"; sourceTree = "<group>"; };
		52AC72241B63208B0035DE61 /* Toast+UIView.m */ = {isa = PBXFileReference; fileEncoding = 4; lastKnownFileType = sourcecode.c.objc; path = "Toast+UIView.m"; sourceTree = "<group>"; };
		52AC72261B63208B0035DE61 /* UIViewExt.h */ = {isa = PBXFileReference; fileEncoding = 4; lastKnownFileType = sourcecode.c.h; path = UIViewExt.h; sourceTree = "<group>"; };
		52AC72271B63208B0035DE61 /* UIViewExt.m */ = {isa = PBXFileReference; fileEncoding = 4; lastKnownFileType = sourcecode.c.objc; path = UIViewExt.m; sourceTree = "<group>"; };
		52AC722A1B63208B0035DE61 /* ModelTableViewController.h */ = {isa = PBXFileReference; fileEncoding = 4; lastKnownFileType = sourcecode.c.h; path = ModelTableViewController.h; sourceTree = "<group>"; };
		52AC722B1B63208B0035DE61 /* ModelTableViewController.m */ = {isa = PBXFileReference; fileEncoding = 4; lastKnownFileType = sourcecode.c.objc; path = ModelTableViewController.m; sourceTree = "<group>"; };
		52AC722C1B63208B0035DE61 /* ModelViewController.h */ = {isa = PBXFileReference; fileEncoding = 4; lastKnownFileType = sourcecode.c.h; path = ModelViewController.h; sourceTree = "<group>"; };
		52AC722D1B63208B0035DE61 /* ModelViewController.m */ = {isa = PBXFileReference; fileEncoding = 4; lastKnownFileType = sourcecode.c.objc; path = ModelViewController.m; sourceTree = "<group>"; };
		52AC72381B63208B0035DE61 /* HomeViewController.h */ = {isa = PBXFileReference; fileEncoding = 4; lastKnownFileType = sourcecode.c.h; path = HomeViewController.h; sourceTree = "<group>"; };
		52AC72391B63208B0035DE61 /* HomeViewController.m */ = {isa = PBXFileReference; fileEncoding = 4; lastKnownFileType = sourcecode.c.objc; path = HomeViewController.m; sourceTree = "<group>"; };
		52AC72471B6320FB0035DE61 /* MyCloud.pch */ = {isa = PBXFileReference; lastKnownFileType = sourcecode.c.h; path = MyCloud.pch; sourceTree = "<group>"; };
		52AC72481B6321300035DE61 /* AppConfig.h */ = {isa = PBXFileReference; lastKnownFileType = sourcecode.c.h; path = AppConfig.h; sourceTree = "<group>"; };
		52AC72491B63274C0035DE61 /* CALayer+borderColor.h */ = {isa = PBXFileReference; fileEncoding = 4; lastKnownFileType = sourcecode.c.h; path = "CALayer+borderColor.h"; sourceTree = "<group>"; };
		52AC724A1B63274C0035DE61 /* CALayer+borderColor.m */ = {isa = PBXFileReference; fileEncoding = 4; lastKnownFileType = sourcecode.c.objc; path = "CALayer+borderColor.m"; sourceTree = "<group>"; };
		68C16DF2D6B04B63FEEE2EF3 /* libPods.a */ = {isa = PBXFileReference; explicitFileType = archive.ar; includeInIndex = 0; path = libPods.a; sourceTree = BUILT_PRODUCTS_DIR; };
		B57C29B4874ED2DA01158108 /* Pods.debug.xcconfig */ = {isa = PBXFileReference; includeInIndex = 1; lastKnownFileType = text.xcconfig; name = Pods.debug.xcconfig; path = "Pods/Target Support Files/Pods/Pods.debug.xcconfig"; sourceTree = "<group>"; };
		C491CDF31B665122006A1067 /* NotiDetailViewController.h */ = {isa = PBXFileReference; fileEncoding = 4; lastKnownFileType = sourcecode.c.h; path = NotiDetailViewController.h; sourceTree = "<group>"; };
		C491CDF41B665122006A1067 /* NotiDetailViewController.m */ = {isa = PBXFileReference; fileEncoding = 4; lastKnownFileType = sourcecode.c.objc; path = NotiDetailViewController.m; sourceTree = "<group>"; };
/* End PBXFileReference section */

/* Begin PBXFrameworksBuildPhase section */
		52AC71E21B631B4D0035DE61 /* Frameworks */ = {
			isa = PBXFrameworksBuildPhase;
			buildActionMask = 2147483647;
			files = (
				C8E046A5581D8CD1548BAC66 /* libPods.a in Frameworks */,
			);
			runOnlyForDeploymentPostprocessing = 0;
		};
		52AC71FB1B631B4D0035DE61 /* Frameworks */ = {
			isa = PBXFrameworksBuildPhase;
			buildActionMask = 2147483647;
			files = (
			);
			runOnlyForDeploymentPostprocessing = 0;
		};
/* End PBXFrameworksBuildPhase section */

/* Begin PBXGroup section */
		4CF2F0654DAEFA78C39AA5F2 /* Pods */ = {
			isa = PBXGroup;
			children = (
				B57C29B4874ED2DA01158108 /* Pods.debug.xcconfig */,
				102EB9195E6E2CBA855D254C /* Pods.release.xcconfig */,
			);
			name = Pods;
			sourceTree = "<group>";
		};
		526CA8AF1B68A4D6008FE361 /* webservice */ = {
			isa = PBXGroup;
			children = (
				526CA8B01B68A4D6008FE361 /* GDataXMLNode.h */,
				526CA8B11B68A4D6008FE361 /* GDataXMLNode.m */,
				526CA8B21B68A4D6008FE361 /* WebServiceHelper.h */,
				526CA8B31B68A4D6008FE361 /* WebServiceHelper.m */,
			);
			path = webservice;
			sourceTree = "<group>";
		};
		528FD5E11B649E56002E0B1D /* WebClient */ = {
			isa = PBXGroup;
			children = (
				526CA8AF1B68A4D6008FE361 /* webservice */,
				528FD5E21B649E56002E0B1D /* WebClient.h */,
				528FD5E31B649E56002E0B1D /* WebClient.m */,
			);
			path = WebClient;
			sourceTree = "<group>";
		};
		529DC6951B7333E900B8323C /* 部门详情 */ = {
			isa = PBXGroup;
			children = (
				529DC6961B7333E900B8323C /* ContactDepartDetailViewController.h */,
				529DC6971B7333E900B8323C /* ContactDepartDetailViewController.m */,
			);
			path = "部门详情";
			sourceTree = "<group>";
		};
		52AC71DC1B631B4D0035DE61 = {
			isa = PBXGroup;
			children = (
				52AC71E71B631B4D0035DE61 /* MyCloud */,
				52AC72011B631B4D0035DE61 /* MyCloudTests */,
				52AC71E61B631B4D0035DE61 /* Products */,
				4CF2F0654DAEFA78C39AA5F2 /* Pods */,
				6E973A2179CB893BCDD8F4A5 /* Frameworks */,
			);
			sourceTree = "<group>";
		};
		52AC71E61B631B4D0035DE61 /* Products */ = {
			isa = PBXGroup;
			children = (
				52AC71E51B631B4D0035DE61 /* MyCloud.app */,
				52AC71FE1B631B4D0035DE61 /* MyCloudTests.xctest */,
			);
			name = Products;
			sourceTree = "<group>";
		};
		52AC71E71B631B4D0035DE61 /* MyCloud */ = {
			isa = PBXGroup;
			children = (
				52AC720E1B63208B0035DE61 /* ThirdPartys */,
				52AC72281B63208B0035DE61 /* ViewControllers */,
				52AC71EC1B631B4D0035DE61 /* AppDelegate.h */,
				52AC71ED1B631B4D0035DE61 /* AppDelegate.m */,
				52AC71F21B631B4D0035DE61 /* Main.storyboard */,
				52AC71F51B631B4D0035DE61 /* Images.xcassets */,
				52AC71E81B631B4D0035DE61 /* Supporting Files */,
			);
			path = MyCloud;
			sourceTree = "<group>";
		};
		52AC71E81B631B4D0035DE61 /* Supporting Files */ = {
			isa = PBXGroup;
			children = (
				52AC71E91B631B4D0035DE61 /* Info.plist */,
				52AC71EA1B631B4D0035DE61 /* main.m */,
				52AC72471B6320FB0035DE61 /* MyCloud.pch */,
				52AC72481B6321300035DE61 /* AppConfig.h */,
				5290A6171B64B244009F519B /* PushConfig.plist */,
			);
			name = "Supporting Files";
			sourceTree = "<group>";
		};
		52AC72011B631B4D0035DE61 /* MyCloudTests */ = {
			isa = PBXGroup;
			children = (
				52AC72041B631B4D0035DE61 /* MyCloudTests.m */,
				52AC72021B631B4D0035DE61 /* Supporting Files */,
			);
			path = MyCloudTests;
			sourceTree = "<group>";
		};
		52AC72021B631B4D0035DE61 /* Supporting Files */ = {
			isa = PBXGroup;
			children = (
				52AC72031B631B4D0035DE61 /* Info.plist */,
			);
			name = "Supporting Files";
			sourceTree = "<group>";
		};
		52AC720E1B63208B0035DE61 /* ThirdPartys */ = {
			isa = PBXGroup;
			children = (
				528FD5E11B649E56002E0B1D /* WebClient */,
				52AC720F1B63208B0035DE61 /* MyCustom */,
				52AC72221B63208B0035DE61 /* Toast */,
				52AC72251B63208B0035DE61 /* UIViewExt */,
			);
			path = ThirdPartys;
			sourceTree = "<group>";
		};
		52AC720F1B63208B0035DE61 /* MyCustom */ = {
			isa = PBXGroup;
			children = (
				52AC72101B63208B0035DE61 /* CustomFunction */,
				52AC72191B63208B0035DE61 /* CustomUI */,
			);
			path = MyCustom;
			sourceTree = "<group>";
		};
		52AC72101B63208B0035DE61 /* CustomFunction */ = {
			isa = PBXGroup;
			children = (
				5290A6191B64B291009F519B /* UserInfo.h */,
				5290A61A1B64B291009F519B /* UserInfo.m */,
				52AC72111B63208B0035DE61 /* CreatCustom.h */,
				52AC72121B63208B0035DE61 /* CreatCustom.m */,
				52AC72131B63208B0035DE61 /* NSString+StringTpye.h */,
				52AC72141B63208B0035DE61 /* NSString+StringTpye.m */,
				52AC72151B63208B0035DE61 /* ProjectUtil.h */,
				52AC72161B63208B0035DE61 /* ProjectUtil.m */,
				52AC72171B63208B0035DE61 /* UIButton+Custom.h */,
				52AC72181B63208B0035DE61 /* UIButton+Custom.m */,
				52AC72491B63274C0035DE61 /* CALayer+borderColor.h */,
				52AC724A1B63274C0035DE61 /* CALayer+borderColor.m */,
				528EC84E1B6F627F0058BC1B /* CallRecordDBManager.h */,
				528EC84F1B6F627F0058BC1B /* CallRecordDBManager.m */,
			);
			path = CustomFunction;
			sourceTree = "<group>";
		};
		52AC72191B63208B0035DE61 /* CustomUI */ = {
			isa = PBXGroup;
			children = (
				52AC72201B63208B0035DE61 /* UIView+Hint.h */,
				52AC72211B63208B0035DE61 /* UIView+Hint.m */,
			);
			path = CustomUI;
			sourceTree = "<group>";
		};
		52AC72221B63208B0035DE61 /* Toast */ = {
			isa = PBXGroup;
			children = (
				52AC72231B63208B0035DE61 /* Toast+UIView.h */,
				52AC72241B63208B0035DE61 /* Toast+UIView.m */,
			);
			path = Toast;
			sourceTree = "<group>";
		};
		52AC72251B63208B0035DE61 /* UIViewExt */ = {
			isa = PBXGroup;
			children = (
				52AC72261B63208B0035DE61 /* UIViewExt.h */,
				52AC72271B63208B0035DE61 /* UIViewExt.m */,
			);
			path = UIViewExt;
			sourceTree = "<group>";
		};
		52AC72281B63208B0035DE61 /* ViewControllers */ = {
			isa = PBXGroup;
			children = (
				52AC72291B63208B0035DE61 /* ModelViewControllers */,
				52AC722E1B63208B0035DE61 /* 个人信息 */,
				52AC722F1B63208B0035DE61 /* 公告 */,
				52AC72311B63208B0035DE61 /* 登录 */,
				52AC72321B63208B0035DE61 /* 联系人 */,
				52AC72351B63208B0035DE61 /* 通知 */,
				52AC72371B63208B0035DE61 /* 首页 */,
			);
			path = ViewControllers;
			sourceTree = "<group>";
		};
		52AC72291B63208B0035DE61 /* ModelViewControllers */ = {
			isa = PBXGroup;
			children = (
				52AC722A1B63208B0035DE61 /* ModelTableViewController.h */,
				52AC722B1B63208B0035DE61 /* ModelTableViewController.m */,
				52AC722C1B63208B0035DE61 /* ModelViewController.h */,
				52AC722D1B63208B0035DE61 /* ModelViewController.m */,
			);
			path = ModelViewControllers;
			sourceTree = "<group>";
		};
		52AC722E1B63208B0035DE61 /* 个人信息 */ = {
			isa = PBXGroup;
			children = (
				528FD5D61B648B62002E0B1D /* UserInfoTopCell.h */,
				528FD5D71B648B62002E0B1D /* UserInfoTopCell.m */,
				528FD5D81B648B62002E0B1D /* UserInfoTopCell.xib */,
				528FD5DB1B648D14002E0B1D /* UserInfoViewController.h */,
				528FD5DC1B648D14002E0B1D /* UserInfoViewController.m */,
			);
			path = "个人信息";
			sourceTree = "<group>";
		};
		52AC722F1B63208B0035DE61 /* 公告 */ = {
			isa = PBXGroup;
			children = (
				52AC72301B63208B0035DE61 /* 公告详情 */,
				5290A6481B64E6A1009F519B /* AnnounceCell.h */,
				5290A6491B64E6A1009F519B /* AnnounceCell.m */,
				5290A64A1B64E6A1009F519B /* AnnounceCell.xib */,
				5290A63D1B64B6EC009F519B /* AnnounceViewController.h */,
				5290A63E1B64B6EC009F519B /* AnnounceViewController.m */,
			);
			path = "公告";
			sourceTree = "<group>";
		};
		52AC72301B63208B0035DE61 /* 公告详情 */ = {
			isa = PBXGroup;
			children = (
				5290A64D1B64E6BC009F519B /* AnnounceDetailViewController.h */,
				5290A64E1B64E6BC009F519B /* AnnounceDetailViewController.m */,
			);
			path = "公告详情";
			sourceTree = "<group>";
		};
		52AC72311B63208B0035DE61 /* 登录 */ = {
			isa = PBXGroup;
			children = (
				528FD5DE1B649626002E0B1D /* LoginViewController.h */,
				528FD5DF1B649626002E0B1D /* LoginViewController.m */,
			);
			path = "登录";
			sourceTree = "<group>";
		};
		52AC72321B63208B0035DE61 /* 联系人 */ = {
			isa = PBXGroup;
			children = (
				529DC6951B7333E900B8323C /* 部门详情 */,
				5290A61C1B64B51D009F519B /* ContactViewController.h */,
				5290A61D1B64B51D009F519B /* ContactViewController.m */,
				5290A61E1B64B51D009F519B /* ContactViewController.xib */,
				5273EFB61B66286000306C35 /* UserCell.h */,
				5273EFB71B66286000306C35 /* UserCell.m */,
				5273EFB81B66286000306C35 /* UserCell.xib */,
			);
			path = "联系人";
			sourceTree = "<group>";
		};
		52AC72351B63208B0035DE61 /* 通知 */ = {
			isa = PBXGroup;
			children = (
				52AC72361B63208B0035DE61 /* 通知详情 */,
				5290A6401B64B6F7009F519B /* NotiViewController.h */,
				5290A6411B64B6F7009F519B /* NotiViewController.m */,
				5290A6501B64EA16009F519B /* NotiCell.h */,
				5290A6511B64EA16009F519B /* NotiCell.m */,
				5290A6521B64EA16009F519B /* NotiCell.xib */,
			);
			path = "通知";
			sourceTree = "<group>";
		};
		52AC72361B63208B0035DE61 /* 通知详情 */ = {
			isa = PBXGroup;
			children = (
				C491CDF31B665122006A1067 /* NotiDetailViewController.h */,
				C491CDF41B665122006A1067 /* NotiDetailViewController.m */,
			);
			path = "通知详情";
			sourceTree = "<group>";
		};
		52AC72371B63208B0035DE61 /* 首页 */ = {
			isa = PBXGroup;
			children = (
				52AC72381B63208B0035DE61 /* HomeViewController.h */,
				52AC72391B63208B0035DE61 /* HomeViewController.m */,
			);
			path = "首页";
			sourceTree = "<group>";
		};
		6E973A2179CB893BCDD8F4A5 /* Frameworks */ = {
			isa = PBXGroup;
			children = (
				68C16DF2D6B04B63FEEE2EF3 /* libPods.a */,
			);
			name = Frameworks;
			sourceTree = "<group>";
		};
/* End PBXGroup section */

/* Begin PBXNativeTarget section */
		52AC71E41B631B4D0035DE61 /* MyCloud */ = {
			isa = PBXNativeTarget;
			buildConfigurationList = 52AC72081B631B4D0035DE61 /* Build configuration list for PBXNativeTarget "MyCloud" */;
			buildPhases = (
				7C33BC82F51FCEC52E0CA425 /* Check Pods Manifest.lock */,
				52AC71E11B631B4D0035DE61 /* Sources */,
				52AC71E21B631B4D0035DE61 /* Frameworks */,
				52AC71E31B631B4D0035DE61 /* Resources */,
				4C395069A1FE007C85FB71AF /* Copy Pods Resources */,
			);
			buildRules = (
			);
			dependencies = (
			);
			name = MyCloud;
			productName = MyCloud;
			productReference = 52AC71E51B631B4D0035DE61 /* MyCloud.app */;
			productType = "com.apple.product-type.application";
		};
		52AC71FD1B631B4D0035DE61 /* MyCloudTests */ = {
			isa = PBXNativeTarget;
			buildConfigurationList = 52AC720B1B631B4D0035DE61 /* Build configuration list for PBXNativeTarget "MyCloudTests" */;
			buildPhases = (
				52AC71FA1B631B4D0035DE61 /* Sources */,
				52AC71FB1B631B4D0035DE61 /* Frameworks */,
				52AC71FC1B631B4D0035DE61 /* Resources */,
			);
			buildRules = (
			);
			dependencies = (
				52AC72001B631B4D0035DE61 /* PBXTargetDependency */,
			);
			name = MyCloudTests;
			productName = MyCloudTests;
			productReference = 52AC71FE1B631B4D0035DE61 /* MyCloudTests.xctest */;
			productType = "com.apple.product-type.bundle.unit-test";
		};
/* End PBXNativeTarget section */

/* Begin PBXProject section */
		52AC71DD1B631B4D0035DE61 /* Project object */ = {
			isa = PBXProject;
			attributes = {
				LastUpgradeCheck = 0630;
				ORGANIZATIONNAME = xinyue;
				TargetAttributes = {
					52AC71E41B631B4D0035DE61 = {
						CreatedOnToolsVersion = 6.3.2;
						DevelopmentTeam = KY94N48BSE;
						SystemCapabilities = {
							com.apple.BackgroundModes = {
								enabled = 1;
							};
						};
					};
					52AC71FD1B631B4D0035DE61 = {
						CreatedOnToolsVersion = 6.3.2;
						TestTargetID = 52AC71E41B631B4D0035DE61;
					};
				};
			};
			buildConfigurationList = 52AC71E01B631B4D0035DE61 /* Build configuration list for PBXProject "MyCloud" */;
			compatibilityVersion = "Xcode 3.2";
			developmentRegion = English;
			hasScannedForEncodings = 0;
			knownRegions = (
				en,
				Base,
			);
			mainGroup = 52AC71DC1B631B4D0035DE61;
			productRefGroup = 52AC71E61B631B4D0035DE61 /* Products */;
			projectDirPath = "";
			projectRoot = "";
			targets = (
				52AC71E41B631B4D0035DE61 /* MyCloud */,
				52AC71FD1B631B4D0035DE61 /* MyCloudTests */,
			);
		};
/* End PBXProject section */

/* Begin PBXResourcesBuildPhase section */
		52AC71E31B631B4D0035DE61 /* Resources */ = {
			isa = PBXResourcesBuildPhase;
			buildActionMask = 2147483647;
			files = (
				52AC71F41B631B4D0035DE61 /* Main.storyboard in Resources */,
				5290A6201B64B51D009F519B /* ContactViewController.xib in Resources */,
				528FD5DA1B648B62002E0B1D /* UserInfoTopCell.xib in Resources */,
				5290A64C1B64E6A1009F519B /* AnnounceCell.xib in Resources */,
				5273EFBA1B66286000306C35 /* UserCell.xib in Resources */,
				52AC71F61B631B4D0035DE61 /* Images.xcassets in Resources */,
				5290A6181B64B244009F519B /* PushConfig.plist in Resources */,
				5290A6541B64EA16009F519B /* NotiCell.xib in Resources */,
			);
			runOnlyForDeploymentPostprocessing = 0;
		};
		52AC71FC1B631B4D0035DE61 /* Resources */ = {
			isa = PBXResourcesBuildPhase;
			buildActionMask = 2147483647;
			files = (
			);
			runOnlyForDeploymentPostprocessing = 0;
		};
/* End PBXResourcesBuildPhase section */

/* Begin PBXShellScriptBuildPhase section */
		4C395069A1FE007C85FB71AF /* Copy Pods Resources */ = {
			isa = PBXShellScriptBuildPhase;
			buildActionMask = 2147483647;
			files = (
			);
			inputPaths = (
			);
			name = "Copy Pods Resources";
			outputPaths = (
			);
			runOnlyForDeploymentPostprocessing = 0;
			shellPath = /bin/sh;
			shellScript = "\"${SRCROOT}/Pods/Target Support Files/Pods/Pods-resources.sh\"\n";
			showEnvVarsInLog = 0;
		};
		7C33BC82F51FCEC52E0CA425 /* Check Pods Manifest.lock */ = {
			isa = PBXShellScriptBuildPhase;
			buildActionMask = 2147483647;
			files = (
			);
			inputPaths = (
			);
			name = "Check Pods Manifest.lock";
			outputPaths = (
			);
			runOnlyForDeploymentPostprocessing = 0;
			shellPath = /bin/sh;
			shellScript = "diff \"${PODS_ROOT}/../Podfile.lock\" \"${PODS_ROOT}/Manifest.lock\" > /dev/null\nif [[ $? != 0 ]] ; then\n    cat << EOM\nerror: The sandbox is not in sync with the Podfile.lock. Run 'pod install' or update your CocoaPods installation.\nEOM\n    exit 1\nfi\n";
			showEnvVarsInLog = 0;
		};
/* End PBXShellScriptBuildPhase section */

/* Begin PBXSourcesBuildPhase section */
		52AC71E11B631B4D0035DE61 /* Sources */ = {
			isa = PBXSourcesBuildPhase;
			buildActionMask = 2147483647;
			files = (
				5290A64B1B64E6A1009F519B /* AnnounceCell.m in Sources */,
				528FD5D91B648B62002E0B1D /* UserInfoTopCell.m in Sources */,
				52AC723B1B63208B0035DE61 /* NSString+StringTpye.m in Sources */,
				52AC72411B63208B0035DE61 /* UIView+Hint.m in Sources */,
				52AC72431B63208B0035DE61 /* UIViewExt.m in Sources */,
				52AC723A1B63208B0035DE61 /* CreatCustom.m in Sources */,
				528FD5DD1B648D14002E0B1D /* UserInfoViewController.m in Sources */,
				5290A6531B64EA16009F519B /* NotiCell.m in Sources */,
				526CA8B51B68A4D6008FE361 /* WebServiceHelper.m in Sources */,
				526CA8B41B68A4D6008FE361 /* GDataXMLNode.m in Sources */,
				529DC6981B7333E900B8323C /* ContactDepartDetailViewController.m in Sources */,
				528EC8501B6F627F0058BC1B /* CallRecordDBManager.m in Sources */,
				52AC72441B63208B0035DE61 /* ModelTableViewController.m in Sources */,
				528FD5E41B649E56002E0B1D /* WebClient.m in Sources */,
				5290A61F1B64B51D009F519B /* ContactViewController.m in Sources */,
				52AC72461B63208B0035DE61 /* HomeViewController.m in Sources */,
				C491CDF51B665122006A1067 /* NotiDetailViewController.m in Sources */,
				5273EFB91B66286000306C35 /* UserCell.m in Sources */,
				528FD5E01B649626002E0B1D /* LoginViewController.m in Sources */,
				5290A61B1B64B291009F519B /* UserInfo.m in Sources */,
				52AC72421B63208B0035DE61 /* Toast+UIView.m in Sources */,
				52AC723D1B63208B0035DE61 /* UIButton+Custom.m in Sources */,
				52AC724B1B63274C0035DE61 /* CALayer+borderColor.m in Sources */,
				52AC72451B63208B0035DE61 /* ModelViewController.m in Sources */,
				52AC71EE1B631B4D0035DE61 /* AppDelegate.m in Sources */,
				5290A63F1B64B6EC009F519B /* AnnounceViewController.m in Sources */,
				52AC71EB1B631B4D0035DE61 /* main.m in Sources */,
				5290A6421B64B6F7009F519B /* NotiViewController.m in Sources */,
				5290A64F1B64E6BC009F519B /* AnnounceDetailViewController.m in Sources */,
				52AC723C1B63208B0035DE61 /* ProjectUtil.m in Sources */,
			);
			runOnlyForDeploymentPostprocessing = 0;
		};
		52AC71FA1B631B4D0035DE61 /* Sources */ = {
			isa = PBXSourcesBuildPhase;
			buildActionMask = 2147483647;
			files = (
				52AC72051B631B4D0035DE61 /* MyCloudTests.m in Sources */,
			);
			runOnlyForDeploymentPostprocessing = 0;
		};
/* End PBXSourcesBuildPhase section */

/* Begin PBXTargetDependency section */
		52AC72001B631B4D0035DE61 /* PBXTargetDependency */ = {
			isa = PBXTargetDependency;
			target = 52AC71E41B631B4D0035DE61 /* MyCloud */;
			targetProxy = 52AC71FF1B631B4D0035DE61 /* PBXContainerItemProxy */;
		};
/* End PBXTargetDependency section */

/* Begin PBXVariantGroup section */
		52AC71F21B631B4D0035DE61 /* Main.storyboard */ = {
			isa = PBXVariantGroup;
			children = (
				52AC71F31B631B4D0035DE61 /* Base */,
			);
			name = Main.storyboard;
			sourceTree = "<group>";
		};
/* End PBXVariantGroup section */

/* Begin XCBuildConfiguration section */
		52AC72061B631B4D0035DE61 /* Debug */ = {
			isa = XCBuildConfiguration;
			buildSettings = {
				ALWAYS_SEARCH_USER_PATHS = NO;
				CLANG_CXX_LANGUAGE_STANDARD = "gnu++0x";
				CLANG_CXX_LIBRARY = "libc++";
				CLANG_ENABLE_MODULES = YES;
				CLANG_ENABLE_OBJC_ARC = YES;
				CLANG_WARN_BOOL_CONVERSION = YES;
				CLANG_WARN_CONSTANT_CONVERSION = YES;
				CLANG_WARN_DIRECT_OBJC_ISA_USAGE = YES_ERROR;
				CLANG_WARN_EMPTY_BODY = YES;
				CLANG_WARN_ENUM_CONVERSION = YES;
				CLANG_WARN_INT_CONVERSION = YES;
				CLANG_WARN_OBJC_ROOT_CLASS = YES_ERROR;
				CLANG_WARN_UNREACHABLE_CODE = YES;
				CLANG_WARN__DUPLICATE_METHOD_MATCH = YES;
				"CODE_SIGN_IDENTITY[sdk=iphoneos*]" = "iPhone Developer";
				COPY_PHASE_STRIP = NO;
				DEBUG_INFORMATION_FORMAT = "dwarf-with-dsym";
				ENABLE_STRICT_OBJC_MSGSEND = YES;
				GCC_C_LANGUAGE_STANDARD = gnu99;
				GCC_DYNAMIC_NO_PIC = NO;
				GCC_NO_COMMON_BLOCKS = YES;
				GCC_OPTIMIZATION_LEVEL = 0;
				GCC_PREPROCESSOR_DEFINITIONS = (
					"DEBUG=1",
					"$(inherited)",
				);
				GCC_SYMBOLS_PRIVATE_EXTERN = NO;
				GCC_WARN_64_TO_32_BIT_CONVERSION = YES;
				GCC_WARN_ABOUT_RETURN_TYPE = YES_ERROR;
				GCC_WARN_UNDECLARED_SELECTOR = YES;
				GCC_WARN_UNINITIALIZED_AUTOS = YES_AGGRESSIVE;
				GCC_WARN_UNUSED_FUNCTION = YES;
				GCC_WARN_UNUSED_VARIABLE = YES;
				IPHONEOS_DEPLOYMENT_TARGET = 8.3;
				MTL_ENABLE_DEBUG_INFO = YES;
				ONLY_ACTIVE_ARCH = YES;
				SDKROOT = iphoneos;
			};
			name = Debug;
		};
		52AC72071B631B4D0035DE61 /* Release */ = {
			isa = XCBuildConfiguration;
			buildSettings = {
				ALWAYS_SEARCH_USER_PATHS = NO;
				CLANG_CXX_LANGUAGE_STANDARD = "gnu++0x";
				CLANG_CXX_LIBRARY = "libc++";
				CLANG_ENABLE_MODULES = YES;
				CLANG_ENABLE_OBJC_ARC = YES;
				CLANG_WARN_BOOL_CONVERSION = YES;
				CLANG_WARN_CONSTANT_CONVERSION = YES;
				CLANG_WARN_DIRECT_OBJC_ISA_USAGE = YES_ERROR;
				CLANG_WARN_EMPTY_BODY = YES;
				CLANG_WARN_ENUM_CONVERSION = YES;
				CLANG_WARN_INT_CONVERSION = YES;
				CLANG_WARN_OBJC_ROOT_CLASS = YES_ERROR;
				CLANG_WARN_UNREACHABLE_CODE = YES;
				CLANG_WARN__DUPLICATE_METHOD_MATCH = YES;
				"CODE_SIGN_IDENTITY[sdk=iphoneos*]" = "iPhone Developer";
				COPY_PHASE_STRIP = NO;
				DEBUG_INFORMATION_FORMAT = "dwarf-with-dsym";
				ENABLE_NS_ASSERTIONS = NO;
				ENABLE_STRICT_OBJC_MSGSEND = YES;
				GCC_C_LANGUAGE_STANDARD = gnu99;
				GCC_NO_COMMON_BLOCKS = YES;
				GCC_WARN_64_TO_32_BIT_CONVERSION = YES;
				GCC_WARN_ABOUT_RETURN_TYPE = YES_ERROR;
				GCC_WARN_UNDECLARED_SELECTOR = YES;
				GCC_WARN_UNINITIALIZED_AUTOS = YES_AGGRESSIVE;
				GCC_WARN_UNUSED_FUNCTION = YES;
				GCC_WARN_UNUSED_VARIABLE = YES;
				IPHONEOS_DEPLOYMENT_TARGET = 8.3;
				MTL_ENABLE_DEBUG_INFO = NO;
				SDKROOT = iphoneos;
				VALIDATE_PRODUCT = YES;
			};
			name = Release;
		};
		52AC72091B631B4D0035DE61 /* Debug */ = {
			isa = XCBuildConfiguration;
			baseConfigurationReference = B57C29B4874ED2DA01158108 /* Pods.debug.xcconfig */;
			buildSettings = {
				ASSETCATALOG_COMPILER_APPICON_NAME = AppIcon;
				ASSETCATALOG_COMPILER_LAUNCHIMAGE_NAME = LaunchImage;
				CODE_SIGN_IDENTITY = "iPhone Developer: Wen Bin Yue (U2MT6TF949)";
				"CODE_SIGN_IDENTITY[sdk=iphoneos*]" = "iPhone Developer: Wen Bin Yue (U2MT6TF949)";
				GCC_PREFIX_HEADER = MyCloud/MyCloud.pch;
				HEADER_SEARCH_PATHS = (
					"$(inherited)",
					"\"${PODS_ROOT}/Headers/Public\"",
					"\"${PODS_ROOT}/Headers/Public/DACircularProgress\"",
					"\"${PODS_ROOT}/Headers/Public/JPush-iOS-SDK\"",
					"\"${PODS_ROOT}/Headers/Public/MBProgressHUD\"",
					"\"${PODS_ROOT}/Headers/Public/MJRefresh\"",
					"\"${PODS_ROOT}/Headers/Public/MWPhotoBrowser\"",
					"\"${PODS_ROOT}/Headers/Public/PinYin4Objc\"",
					"\"${PODS_ROOT}/Headers/Public/SDWebImage\"",
					/usr/include/libxml2,
				);
				INFOPLIST_FILE = MyCloud/Info.plist;
				IPHONEOS_DEPLOYMENT_TARGET = 7.0;
				LD_RUNPATH_SEARCH_PATHS = "$(inherited) @executable_path/Frameworks";
				OTHER_LDFLAGS = (
					"$(inherited)",
					"-ObjC",
					"-weak_library",
					/usr/lib/libz.dylib,
					"-l\"Pods-DACircularProgress\"",
					"-l\"Pods-JPush-iOS-SDK\"",
					"-l\"Pods-MBProgressHUD\"",
					"-l\"Pods-MJRefresh\"",
					"-l\"Pods-MWPhotoBrowser\"",
					"-l\"Pods-PinYin4Objc\"",
					"-l\"Pods-SDWebImage\"",
					"-l\"PushSDK-1.8.3\"",
					"-framework",
					"\"AssetsLibrary\"",
					"-framework",
					"\"CFNetwork\"",
					"-framework",
					"\"CoreFoundation\"",
					"-framework",
					"\"CoreGraphics\"",
					"-framework",
					"\"CoreTelephony\"",
					"-framework",
					"\"Foundation\"",
					"-framework",
					"\"ImageIO\"",
					"-framework",
					"\"MediaPlayer\"",
					"-framework",
					"\"QuartzCore\"",
					"-framework",
					"\"Security\"",
					"-framework",
					"\"SystemConfiguration\"",
					"-framework",
					"\"UIKit\"",
					"-weak_framework",
					"\"Photos\"",
					"-lxml2",
				);
				PRODUCT_NAME = "$(TARGET_NAME)";
				PROVISIONING_PROFILE = "108b7e0e-5a23-4634-a822-6fac0032065f";
			};
			name = Debug;
		};
		52AC720A1B631B4D0035DE61 /* Release */ = {
			isa = XCBuildConfiguration;
			baseConfigurationReference = 102EB9195E6E2CBA855D254C /* Pods.release.xcconfig */;
			buildSettings = {
				ASSETCATALOG_COMPILER_APPICON_NAME = AppIcon;
				ASSETCATALOG_COMPILER_LAUNCHIMAGE_NAME = LaunchImage;
				CODE_SIGN_IDENTITY = "iPhone Distribution: New Mountain Software Service Co. Ltd. (KY94N48BSE)";
				GCC_PREFIX_HEADER = MyCloud/MyCloud.pch;
				HEADER_SEARCH_PATHS = (
					"$(inherited)",
					"\"${PODS_ROOT}/Headers/Public\"",
					"\"${PODS_ROOT}/Headers/Public/DACircularProgress\"",
					"\"${PODS_ROOT}/Headers/Public/JPush-iOS-SDK\"",
					"\"${PODS_ROOT}/Headers/Public/MBProgressHUD\"",
					"\"${PODS_ROOT}/Headers/Public/MJRefresh\"",
					"\"${PODS_ROOT}/Headers/Public/MWPhotoBrowser\"",
					"\"${PODS_ROOT}/Headers/Public/PinYin4Objc\"",
					"\"${PODS_ROOT}/Headers/Public/SDWebImage\"",
					/usr/include/libxml2,
				);
				INFOPLIST_FILE = MyCloud/Info.plist;
				IPHONEOS_DEPLOYMENT_TARGET = 7.0;
				LD_RUNPATH_SEARCH_PATHS = "$(inherited) @executable_path/Frameworks";
				OTHER_LDFLAGS = (
					"$(inherited)",
					"-ObjC",
					"-weak_library",
					/usr/lib/libz.dylib,
					"-l\"Pods-DACircularProgress\"",
					"-l\"Pods-JPush-iOS-SDK\"",
					"-l\"Pods-MBProgressHUD\"",
					"-l\"Pods-MJRefresh\"",
					"-l\"Pods-MWPhotoBrowser\"",
					"-l\"Pods-PinYin4Objc\"",
					"-l\"Pods-SDWebImage\"",
					"-l\"PushSDK-1.8.3\"",
					"-framework",
					"\"AssetsLibrary\"",
					"-framework",
					"\"CFNetwork\"",
					"-framework",
					"\"CoreFoundation\"",
					"-framework",
					"\"CoreGraphics\"",
					"-framework",
					"\"CoreTelephony\"",
					"-framework",
					"\"Foundation\"",
					"-framework",
					"\"ImageIO\"",
					"-framework",
					"\"MediaPlayer\"",
					"-framework",
					"\"QuartzCore\"",
					"-framework",
					"\"Security\"",
					"-framework",
					"\"SystemConfiguration\"",
					"-framework",
					"\"UIKit\"",
					"-weak_framework",
					"\"Photos\"",
					"-lxml2",
				);
				PRODUCT_NAME = "$(TARGET_NAME)";
				PROVISIONING_PROFILE = "108b7e0e-5a23-4634-a822-6fac0032065f";
			};
			name = Release;
		};
		52AC720C1B631B4D0035DE61 /* Debug */ = {
			isa = XCBuildConfiguration;
			buildSettings = {
				BUNDLE_LOADER = "$(TEST_HOST)";
				FRAMEWORK_SEARCH_PATHS = (
					"$(SDKROOT)/Developer/Library/Frameworks",
					"$(inherited)",
				);
				GCC_PREPROCESSOR_DEFINITIONS = (
					"DEBUG=1",
					"$(inherited)",
				);
				INFOPLIST_FILE = MyCloudTests/Info.plist;
				IPHONEOS_DEPLOYMENT_TARGET = 7.0;
				LD_RUNPATH_SEARCH_PATHS = "$(inherited) @executable_path/Frameworks @loader_path/Frameworks";
				PRODUCT_NAME = "$(TARGET_NAME)";
				TEST_HOST = "$(BUILT_PRODUCTS_DIR)/MyCloud.app/MyCloud";
			};
			name = Debug;
		};
		52AC720D1B631B4D0035DE61 /* Release */ = {
			isa = XCBuildConfiguration;
			buildSettings = {
				BUNDLE_LOADER = "$(TEST_HOST)";
				FRAMEWORK_SEARCH_PATHS = (
					"$(SDKROOT)/Developer/Library/Frameworks",
					"$(inherited)",
				);
				INFOPLIST_FILE = MyCloudTests/Info.plist;
				IPHONEOS_DEPLOYMENT_TARGET = 7.0;
				LD_RUNPATH_SEARCH_PATHS = "$(inherited) @executable_path/Frameworks @loader_path/Frameworks";
				PRODUCT_NAME = "$(TARGET_NAME)";
				TEST_HOST = "$(BUILT_PRODUCTS_DIR)/MyCloud.app/MyCloud";
			};
			name = Release;
		};
/* End XCBuildConfiguration section */

/* Begin XCConfigurationList section */
		52AC71E01B631B4D0035DE61 /* Build configuration list for PBXProject "MyCloud" */ = {
			isa = XCConfigurationList;
			buildConfigurations = (
				52AC72061B631B4D0035DE61 /* Debug */,
				52AC72071B631B4D0035DE61 /* Release */,
			);
			defaultConfigurationIsVisible = 0;
			defaultConfigurationName = Release;
		};
		52AC72081B631B4D0035DE61 /* Build configuration list for PBXNativeTarget "MyCloud" */ = {
			isa = XCConfigurationList;
			buildConfigurations = (
				52AC72091B631B4D0035DE61 /* Debug */,
				52AC720A1B631B4D0035DE61 /* Release */,
			);
			defaultConfigurationIsVisible = 0;
			defaultConfigurationName = Release;
		};
		52AC720B1B631B4D0035DE61 /* Build configuration list for PBXNativeTarget "MyCloudTests" */ = {
			isa = XCConfigurationList;
			buildConfigurations = (
				52AC720C1B631B4D0035DE61 /* Debug */,
				52AC720D1B631B4D0035DE61 /* Release */,
			);
			defaultConfigurationIsVisible = 0;
			defaultConfigurationName = Release;
		};
/* End XCConfigurationList section */
	};
	rootObject = 52AC71DD1B631B4D0035DE61 /* Project object */;
}
